<?xml version="1.0" encoding="UTF-8" standalone="yes" ?>
<CodeBlocks_project_file>
	<FileVersion major="1" minor="6" />
	<Project>
		<Option title="Test_copula_dens" />
		<Option pch_mode="2" />
		<Option compiler="gcc" />
		<Build>
			<Target title="Debug">
				<Option output="bin/Debug/Test_copula_dens" prefix_auto="1" extension_auto="1" />
				<Option object_output="obj/Debug/" />
				<Option type="1" />
				<Option compiler="gcc" />
				<Compiler>
					<Add option="-g" />
					<Add directory="../unitTests" />
					<Add directory="/home/hoanguc3m/NetBeansProjects/cmdstan/stan_2.14.0/src" />
				</Compiler>
			</Target>
			<Target title="Release">
				<Option output="bin/Release/Test_copula_dens" prefix_auto="1" extension_auto="1" />
				<Option object_output="obj/Release/" />
				<Option type="1" />
				<Option compiler="gcc" />
				<Compiler>
					<Add option="-O2" />
				</Compiler>
				<Linker>
					<Add option="-s" />
				</Linker>
			</Target>
		</Build>
		<Compiler>
			<Add option="-w" />
			<Add option="-pthread" />
			<Add option="-std=c++1y" />
			<Add option="-Wno-sign-compare" />
			<Add directory="/home/hoanguc3m/Dropbox/WP2/code/vifcopula/inst/include" />
			<Add directory="/home/hoanguc3m/R/x86_64-pc-linux-gnu-library/3.6/StanHeaders/include" />
			<Add directory="/home/hoanguc3m/Code/math/lib/eigen_3.3.3" />
			<Add directory="/home/hoanguc3m/Code/math/lib/boost_1.69.0" />
			<Add directory="/home/hoanguc3m/Code/math/lib/sundials_4.1.0/include" />
		</Compiler>
		<ResourceCompiler>
			<Add option="-D_REENTRANT" />
			<Add option="-O3" />
			<Add option="-DBOOST_DISABLE_ASSERTS" />
		</ResourceCompiler>
		<Linker>
			<Add option="-lgtest" />
			<Add option="-pthread" />
		</Linker>
		<Unit filename="../dist/bicop_BB1_log.hpp" />
		<Unit filename="../dist/bicop_clayton_log.hpp" />
		<Unit filename="../dist/bicop_frank_log.hpp" />
		<Unit filename="../dist/bicop_gumbel_log.hpp" />
		<Unit filename="../dist/bicop_independence_log.hpp" />
		<Unit filename="../dist/bicop_joe_log.hpp" />
		<Unit filename="../dist/bicop_log.hpp" />
		<Unit filename="../dist/bicop_normal_log.hpp" />
		<Unit filename="../dist/bicop_student_log.hpp" />
		<Unit filename="bicop_BB1_log_test.cpp" />
		<Unit filename="bicop_clayton_log_test.cpp" />
		<Unit filename="bicop_frank_log_test.cpp" />
		<Unit filename="bicop_gumbel_log_test.cpp" />
		<Unit filename="bicop_independence_log_test.cpp" />
		<Unit filename="bicop_joe_log_test.cpp" />
		<Unit filename="bicop_normal_log_test.cpp" />
		<Unit filename="bicop_student_log_test.cpp" />
		<Unit filename="imbeder_test.cpp" />
		<Unit filename="main.cpp" />
		<Extensions>
			<code_completion />
			<debugger />
			<envvars />
		</Extensions>
	</Project>
</CodeBlocks_project_file>
